
Microsoft Visual Studio Solution File, Format Version 12.00
# Visual Studio Version 17
VisualStudioVersion = 17.0.31903.59
MinimumVisualStudioVersion = 10.0.40219.1
Project("{FAE04EC0-301F-11D3-BF4B-00C04F79EFBC}") = "BetterDecorator", "BetterDecorator\BetterDecorator.csproj", "{ED0E8EE9-09B3-4338-87BF-0AE435D26C97}"
EndProject
Project("{FAE04EC0-301F-11D3-BF4B-00C04F79EFBC}") = "Special", "Special\Special.csproj", "{C901386B-72D3-477E-88A9-FDC4240E2DCE}"
EndProject
Project("{FAE04EC0-301F-11D3-BF4B-00C04F79EFBC}") = "ValuesAndReferences", "ValuesAndReferences\ValuesAndReferences.csproj", "{7357A51E-42E3-4F36-80F0-938988AD9521}"
EndProject
Global
	GlobalSection(SolutionConfigurationPlatforms) = preSolution
		Debug|Any CPU = Debug|Any CPU
		Release|Any CPU = Release|Any CPU
	EndGlobalSection
	GlobalSection(SolutionProperties) = preSolution
		HideSolutionNode = FALSE
	EndGlobalSection
	GlobalSection(ProjectConfigurationPlatforms) = postSolution
		{ED0E8EE9-09B3-4338-87BF-0AE435D26C97}.Debug|Any CPU.ActiveCfg = Debug|Any CPU
		{ED0E8EE9-09B3-4338-87BF-0AE435D26C97}.Debug|Any CPU.Build.0 = Debug|Any CPU
		{ED0E8EE9-09B3-4338-87BF-0AE435D26C97}.Release|Any CPU.ActiveCfg = Release|Any CPU
		{ED0E8EE9-09B3-4338-87BF-0AE435D26C97}.Release|Any CPU.Build.0 = Release|Any CPU
		{C901386B-72D3-477E-88A9-FDC4240E2DCE}.Debug|Any CPU.ActiveCfg = Debug|Any CPU
		{C901386B-72D3-477E-88A9-FDC4240E2DCE}.Debug|Any CPU.Build.0 = Debug|Any CPU
		{C901386B-72D3-477E-88A9-FDC4240E2DCE}.Release|Any CPU.ActiveCfg = Release|Any CPU
		{C901386B-72D3-477E-88A9-FDC4240E2DCE}.Release|Any CPU.Build.0 = Release|Any CPU
		{7357A51E-42E3-4F36-80F0-938988AD9521}.Debug|Any CPU.ActiveCfg = Debug|Any CPU
		{7357A51E-42E3-4F36-80F0-938988AD9521}.Debug|Any CPU.Build.0 = Debug|Any CPU
		{7357A51E-42E3-4F36-80F0-938988AD9521}.Release|Any CPU.ActiveCfg = Release|Any CPU
		{7357A51E-42E3-4F36-80F0-938988AD9521}.Release|Any CPU.Build.0 = Release|Any CPU
	EndGlobalSection
EndGlobal
